{
  "originHash" : "9b43e06b27e4d5f5d40a6f1a87bb482121e7f8e10bdc036f073fda6af2c7079f",
  "pins" : [
    {
      "identity" : "gotenna-rsdk-spm",
      "kind" : "remoteSourceControl",
      "location" : "https://github.com/gotenna/gotenna-rsdk-spm",
      "state" : {
        "revision" : "1f394757fdd67a6f32ec2c6f38141c95f1c7a055",
        "version" : "3.3.19"
      }
    }
  ],
  "version" : 3
}
