{
  "originHash" : "9b43e06b27e4d5f5d40a6f1a87bb482121e7f8e10bdc036f073fda6af2c7079f",
  "pins" : [
    {
      "identity" : "gotenna-rsdk-spm",
      "kind" : "remoteSourceControl",
      "location" : "https://github.com/gotenna/gotenna-rsdk-spm",
      "state" : {
        "revision" : "55ac93c190d7854be293daf494c07d68ebf2a07c",
        "version" : "3.4.22"
      }
    }
  ],
  "version" : 3
}
